
Microsoft Visual Studio Solution File, Format Version 12.00
# Visual Studio Version 17
VisualStudioVersion = 17.14.36511.14
MinimumVisualStudioVersion = 10.0.40219.1
Project("{FAE04EC0-301F-11D3-BF4B-00C04F79EFBC}") = "Chord.Domain", "Chord.Domain\Chord.Domain.csproj", "{9865FEDE-662B-4AC0-8A3A-8AF7A2368857}"
EndProject
Project("{FAE04EC0-301F-11D3-BF4B-00C04F79EFBC}") = "Chord.Api", "Chord.Api\Chord.Api.csproj", "{84FDD498-3F60-407B-95DE-C041494EEAC2}"
EndProject
Global
	GlobalSection(SolutionConfigurationPlatforms) = preSolution
		Debug|Any CPU = Debug|Any CPU
		Release|Any CPU = Release|Any CPU
	EndGlobalSection
	GlobalSection(ProjectConfigurationPlatforms) = postSolution
		{9865FEDE-662B-4AC0-8A3A-8AF7A2368857}.Debug|Any CPU.ActiveCfg = Debug|Any CPU
		{9865FEDE-662B-4AC0-8A3A-8AF7A2368857}.Debug|Any CPU.Build.0 = Debug|Any CPU
		{9865FEDE-662B-4AC0-8A3A-8AF7A2368857}.Release|Any CPU.ActiveCfg = Release|Any CPU
		{9865FEDE-662B-4AC0-8A3A-8AF7A2368857}.Release|Any CPU.Build.0 = Release|Any CPU
		{84FDD498-3F60-407B-95DE-C041494EEAC2}.Debug|Any CPU.ActiveCfg = Debug|Any CPU
		{84FDD498-3F60-407B-95DE-C041494EEAC2}.Debug|Any CPU.Build.0 = Debug|Any CPU
		{84FDD498-3F60-407B-95DE-C041494EEAC2}.Release|Any CPU.ActiveCfg = Release|Any CPU
		{84FDD498-3F60-407B-95DE-C041494EEAC2}.Release|Any CPU.Build.0 = Release|Any CPU
	EndGlobalSection
	GlobalSection(SolutionProperties) = preSolution
		HideSolutionNode = FALSE
	EndGlobalSection
	GlobalSection(ExtensibilityGlobals) = postSolution
		SolutionGuid = {2831A1D0-DD28-477C-A024-7675A57DAC76}
	EndGlobalSection
EndGlobal
